
Microsoft Visual Studio Solution File, Format Version 12.00
# Visual Studio 15
Project("{FAE04EC0-301F-11D3-BF4B-00C04F79EFBC}") = "GoogleMobileAds", "GoogleMobileAds.csproj", "{A1E31440-0A41-0785-ED50-1DA363DB9B7C}"
EndProject
Project("{FAE04EC0-301F-11D3-BF4B-00C04F79EFBC}") = "Assembly-CSharp", "Assembly-CSharp.csproj", "{859773FB-D63C-CB8C-7572-E6006E8160BB}"
EndProject
Project("{FAE04EC0-301F-11D3-BF4B-00C04F79EFBC}") = "Assembly-CSharp-firstpass", "Assembly-CSharp-firstpass.csproj", "{CCE66AAC-74B7-BFB6-A1A8-436A44F2BA07}"
EndProject
Project("{FAE04EC0-301F-11D3-BF4B-00C04F79EFBC}") = "Assembly-CSharp-Editor-firstpass", "Assembly-CSharp-Editor-firstpass.csproj", "{987396E6-BEBD-7424-FDA4-B176A912C2AC}"
EndProject
Project("{FAE04EC0-301F-11D3-BF4B-00C04F79EFBC}") = "GoogleMobileAds.Editor", "GoogleMobileAds.Editor.csproj", "{1BABE82B-2CDA-EE47-3405-BE6B2031D5B6}"
EndProject
Project("{FAE04EC0-301F-11D3-BF4B-00C04F79EFBC}") = "Assembly-CSharp-Editor", "Assembly-CSharp-Editor.csproj", "{9F55744A-CFF5-06EB-EDDE-99CCB60A9494}"
EndProject
Global
	GlobalSection(SolutionConfigurationPlatforms) = preSolution
		Debug|Any CPU = Debug|Any CPU
		Release|Any CPU = Release|Any CPU
	EndGlobalSection
	GlobalSection(ProjectConfigurationPlatforms) = postSolution
		{A1E31440-0A41-0785-ED50-1DA363DB9B7C}.Debug|Any CPU.ActiveCfg = Debug|Any CPU
		{A1E31440-0A41-0785-ED50-1DA363DB9B7C}.Debug|Any CPU.Build.0 = Debug|Any CPU
		{A1E31440-0A41-0785-ED50-1DA363DB9B7C}.Release|Any CPU.ActiveCfg = Release|Any CPU
		{A1E31440-0A41-0785-ED50-1DA363DB9B7C}.Release|Any CPU.Build.0 = Release|Any CPU
		{859773FB-D63C-CB8C-7572-E6006E8160BB}.Debug|Any CPU.ActiveCfg = Debug|Any CPU
		{859773FB-D63C-CB8C-7572-E6006E8160BB}.Debug|Any CPU.Build.0 = Debug|Any CPU
		{859773FB-D63C-CB8C-7572-E6006E8160BB}.Release|Any CPU.ActiveCfg = Release|Any CPU
		{859773FB-D63C-CB8C-7572-E6006E8160BB}.Release|Any CPU.Build.0 = Release|Any CPU
		{CCE66AAC-74B7-BFB6-A1A8-436A44F2BA07}.Debug|Any CPU.ActiveCfg = Debug|Any CPU
		{CCE66AAC-74B7-BFB6-A1A8-436A44F2BA07}.Debug|Any CPU.Build.0 = Debug|Any CPU
		{CCE66AAC-74B7-BFB6-A1A8-436A44F2BA07}.Release|Any CPU.ActiveCfg = Release|Any CPU
		{CCE66AAC-74B7-BFB6-A1A8-436A44F2BA07}.Release|Any CPU.Build.0 = Release|Any CPU
		{987396E6-BEBD-7424-FDA4-B176A912C2AC}.Debug|Any CPU.ActiveCfg = Debug|Any CPU
		{987396E6-BEBD-7424-FDA4-B176A912C2AC}.Debug|Any CPU.Build.0 = Debug|Any CPU
		{987396E6-BEBD-7424-FDA4-B176A912C2AC}.Release|Any CPU.ActiveCfg = Release|Any CPU
		{987396E6-BEBD-7424-FDA4-B176A912C2AC}.Release|Any CPU.Build.0 = Release|Any CPU
		{1BABE82B-2CDA-EE47-3405-BE6B2031D5B6}.Debug|Any CPU.ActiveCfg = Debug|Any CPU
		{1BABE82B-2CDA-EE47-3405-BE6B2031D5B6}.Debug|Any CPU.Build.0 = Debug|Any CPU
		{1BABE82B-2CDA-EE47-3405-BE6B2031D5B6}.Release|Any CPU.ActiveCfg = Release|Any CPU
		{1BABE82B-2CDA-EE47-3405-BE6B2031D5B6}.Release|Any CPU.Build.0 = Release|Any CPU
		{9F55744A-CFF5-06EB-EDDE-99CCB60A9494}.Debug|Any CPU.ActiveCfg = Debug|Any CPU
		{9F55744A-CFF5-06EB-EDDE-99CCB60A9494}.Debug|Any CPU.Build.0 = Debug|Any CPU
		{9F55744A-CFF5-06EB-EDDE-99CCB60A9494}.Release|Any CPU.ActiveCfg = Release|Any CPU
		{9F55744A-CFF5-06EB-EDDE-99CCB60A9494}.Release|Any CPU.Build.0 = Release|Any CPU
	EndGlobalSection
	GlobalSection(SolutionProperties) = preSolution
		HideSolutionNode = FALSE
	EndGlobalSection
EndGlobal
